
Microsoft Visual Studio Solution File, Format Version 12.00
# Visual Studio Version 17
VisualStudioVersion = 17.5.002.0
MinimumVisualStudioVersion = 10.0.40219.1
Project("{9A19103F-16F7-4668-BE54-9A1E7A4F7556}") = "Calculator", "Calculator.csproj", "{AA3D04D2-6A91-43A3-B7E2-7A9034B26A9A}"
EndProject
Global
	GlobalSection(SolutionConfigurationPlatforms) = preSolution
		Debug|Any CPU = Debug|Any CPU
		Release|Any CPU = Release|Any CPU
	EndGlobalSection
	GlobalSection(ProjectConfigurationPlatforms) = postSolution
		{AA3D04D2-6A91-43A3-B7E2-7A9034B26A9A}.Debug|Any CPU.ActiveCfg = Debug|Any CPU
		{AA3D04D2-6A91-43A3-B7E2-7A9034B26A9A}.Debug|Any CPU.Build.0 = Debug|Any CPU
		{AA3D04D2-6A91-43A3-B7E2-7A9034B26A9A}.Release|Any CPU.ActiveCfg = Release|Any CPU
		{AA3D04D2-6A91-43A3-B7E2-7A9034B26A9A}.Release|Any CPU.Build.0 = Release|Any CPU
	EndGlobalSection
	GlobalSection(SolutionProperties) = preSolution
		HideSolutionNode = FALSE
	EndGlobalSection
	GlobalSection(ExtensibilityGlobals) = postSolution
		SolutionGuid = {9F26BAB6-7C3C-4FF9-8936-D6BE7BAEE1A1}
	EndGlobalSection
EndGlobal
